
Microsoft Visual Studio Solution File, Format Version 12.00
# Visual Studio 15
VisualStudioVersion = 15.0.28010.2019
MinimumVisualStudioVersion = 10.0.40219.1
Project("{9A19103F-16F7-4668-BE54-9A1E7A4F7556}") = "Configuration", "Configuration\Configuration.csproj", "{A72BE2F3-4462-40B1-9FAB-013289EB9AFE}"
EndProject
Project("{FAE04EC0-301F-11D3-BF4B-00C04F79EFBC}") = "Configuration.Tests", "Configuration.Tests\Configuration.Tests.csproj", "{F9247912-58A9-4E35-B1C4-829B5FA558AE}"
EndProject
Global
	GlobalSection(SolutionConfigurationPlatforms) = preSolution
		Debug|Any CPU = Debug|Any CPU
		Release|Any CPU = Release|Any CPU
	EndGlobalSection
	GlobalSection(ProjectConfigurationPlatforms) = postSolution
		{A72BE2F3-4462-40B1-9FAB-013289EB9AFE}.Debug|Any CPU.ActiveCfg = Debug|Any CPU
		{A72BE2F3-4462-40B1-9FAB-013289EB9AFE}.Debug|Any CPU.Build.0 = Debug|Any CPU
		{A72BE2F3-4462-40B1-9FAB-013289EB9AFE}.Release|Any CPU.ActiveCfg = Release|Any CPU
		{A72BE2F3-4462-40B1-9FAB-013289EB9AFE}.Release|Any CPU.Build.0 = Release|Any CPU
		{F9247912-58A9-4E35-B1C4-829B5FA558AE}.Debug|Any CPU.ActiveCfg = Debug|Any CPU
		{F9247912-58A9-4E35-B1C4-829B5FA558AE}.Debug|Any CPU.Build.0 = Debug|Any CPU
		{F9247912-58A9-4E35-B1C4-829B5FA558AE}.Release|Any CPU.ActiveCfg = Release|Any CPU
		{F9247912-58A9-4E35-B1C4-829B5FA558AE}.Release|Any CPU.Build.0 = Release|Any CPU
	EndGlobalSection
	GlobalSection(SolutionProperties) = preSolution
		HideSolutionNode = FALSE
	EndGlobalSection
	GlobalSection(ExtensibilityGlobals) = postSolution
		SolutionGuid = {35C4E77B-4C76-49C1-9C99-C1EF5D62B5CD}
	EndGlobalSection
EndGlobal
